{
  "name": "metainfo2dts-test",
  "version": "1.0.0",
  "lockfileVersion": 2,
  "requires": true,
  "packages": {
    "": {
      "name": "metainfo2dts-test",
      "version": "1.0.0",
      "license": "ISC",
      "devDependencies": {
        "metainfo2dts": "file:../metainfo2dts",
        "typescript": "^4.5.5"
      }
    },
    "../metainfo2dts": {
      "version": "1.0.0",
      "dev": true,
      "license": "ISC",
      "dependencies": {
        "commander": "^9.0.0",
        "xml2js": "^0.4.23"
      },
      "bin": {
        "nexacro-meta2dts": "bin/index.js"
      }
    },
    "node_modules/metainfo2dts": {
      "resolved": "../metainfo2dts",
      "link": true
    },
    "node_modules/typescript": {
      "version": "4.5.5",
      "resolved": "https://registry.npmjs.org/typescript/-/typescript-4.5.5.tgz",
      "integrity": "sha512-TCTIul70LyWe6IJWT8QSYeA54WQe8EjQFU4wY52Fasj5UKx88LNYKCgBEHcOMOrFF1rKGbD8v/xcNWVUq9SymA==",
      "dev": true,
      "bin": {
        "tsc": "bin/tsc",
        "tsserver": "bin/tsserver"
      },
      "engines": {
        "node": ">=4.2.0"
      }
    }
  },
  "dependencies": {
    "metainfo2dts": {
      "version": "file:../metainfo2dts",
      "requires": {
        "commander": "^9.0.0",
        "xml2js": "^0.4.23"
      }
    },
    "typescript": {
      "version": "4.5.5",
      "resolved": "https://registry.npmjs.org/typescript/-/typescript-4.5.5.tgz",
      "integrity": "sha512-TCTIul70LyWe6IJWT8QSYeA54WQe8EjQFU4wY52Fasj5UKx88LNYKCgBEHcOMOrFF1rKGbD8v/xcNWVUq9SymA==",
      "dev": true
    }
  }
}
